
Microsoft Visual Studio Solution File, Format Version 12.00
# Visual Studio Version 16
VisualStudioVersion = 16.0.29709.97
MinimumVisualStudioVersion = 10.0.40219.1
Project("{FAE04EC0-301F-11D3-BF4B-00C04F79EFBC}") = "Method2", "Method2.csproj", "{4D8C1300-2A5C-4D16-B732-043D29B9F026}"
EndProject
Global
	GlobalSection(SolutionConfigurationPlatforms) = preSolution
		Debug|Any CPU = Debug|Any CPU
		Release|Any CPU = Release|Any CPU
	EndGlobalSection
	GlobalSection(ProjectConfigurationPlatforms) = postSolution
		{4D8C1300-2A5C-4D16-B732-043D29B9F026}.Debug|Any CPU.ActiveCfg = Debug|Any CPU
		{4D8C1300-2A5C-4D16-B732-043D29B9F026}.Debug|Any CPU.Build.0 = Debug|Any CPU
		{4D8C1300-2A5C-4D16-B732-043D29B9F026}.Release|Any CPU.ActiveCfg = Release|Any CPU
		{4D8C1300-2A5C-4D16-B732-043D29B9F026}.Release|Any CPU.Build.0 = Release|Any CPU
	EndGlobalSection
	GlobalSection(SolutionProperties) = preSolution
		HideSolutionNode = FALSE
	EndGlobalSection
	GlobalSection(ExtensibilityGlobals) = postSolution
		SolutionGuid = {527FB654-8425-4E28-9D29-A69DB1180719}
	EndGlobalSection
EndGlobal
